
Microsoft Visual Studio Solution File, Format Version 12.00
# Visual Studio Version 17
VisualStudioVersion = 17.14.36811.4
MinimumVisualStudioVersion = 10.0.40219.1
Project("{FAE04EC0-301F-11D3-BF4B-00C04F79EFBC}") = "greeting", "greeting\greeting.csproj", "{24F071C7-18FF-4F12-AC88-46933C9F71D5}"
EndProject
Project("{FAE04EC0-301F-11D3-BF4B-00C04F79EFBC}") = "Maths", "..\Maths\Maths\Maths.csproj", "{6C6F2E31-5C18-E122-DAD0-BE6933EA900A}"
EndProject
Project("{FAE04EC0-301F-11D3-BF4B-00C04F79EFBC}") = "math quiz game", "..\math quiz game\math quiz game\math quiz game.csproj", "{396B82F2-6F88-2065-1CB6-5F6BC267715C}"
EndProject
Project("{FAE04EC0-301F-11D3-BF4B-00C04F79EFBC}") = "Summarize", "..\Summarize\Summarize\Summarize.csproj", "{F661FB19-53F0-4E62-024D-A89966F03201}"
EndProject
Global
	GlobalSection(SolutionConfigurationPlatforms) = preSolution
		Debug|Any CPU = Debug|Any CPU
		Release|Any CPU = Release|Any CPU
	EndGlobalSection
	GlobalSection(ProjectConfigurationPlatforms) = postSolution
		{24F071C7-18FF-4F12-AC88-46933C9F71D5}.Debug|Any CPU.ActiveCfg = Debug|Any CPU
		{24F071C7-18FF-4F12-AC88-46933C9F71D5}.Debug|Any CPU.Build.0 = Debug|Any CPU
		{24F071C7-18FF-4F12-AC88-46933C9F71D5}.Release|Any CPU.ActiveCfg = Release|Any CPU
		{24F071C7-18FF-4F12-AC88-46933C9F71D5}.Release|Any CPU.Build.0 = Release|Any CPU
		{6C6F2E31-5C18-E122-DAD0-BE6933EA900A}.Debug|Any CPU.ActiveCfg = Debug|Any CPU
		{6C6F2E31-5C18-E122-DAD0-BE6933EA900A}.Debug|Any CPU.Build.0 = Debug|Any CPU
		{6C6F2E31-5C18-E122-DAD0-BE6933EA900A}.Release|Any CPU.ActiveCfg = Release|Any CPU
		{6C6F2E31-5C18-E122-DAD0-BE6933EA900A}.Release|Any CPU.Build.0 = Release|Any CPU
		{396B82F2-6F88-2065-1CB6-5F6BC267715C}.Debug|Any CPU.ActiveCfg = Debug|Any CPU
		{396B82F2-6F88-2065-1CB6-5F6BC267715C}.Debug|Any CPU.Build.0 = Debug|Any CPU
		{396B82F2-6F88-2065-1CB6-5F6BC267715C}.Release|Any CPU.ActiveCfg = Release|Any CPU
		{396B82F2-6F88-2065-1CB6-5F6BC267715C}.Release|Any CPU.Build.0 = Release|Any CPU
		{F661FB19-53F0-4E62-024D-A89966F03201}.Debug|Any CPU.ActiveCfg = Debug|Any CPU
		{F661FB19-53F0-4E62-024D-A89966F03201}.Debug|Any CPU.Build.0 = Debug|Any CPU
		{F661FB19-53F0-4E62-024D-A89966F03201}.Release|Any CPU.ActiveCfg = Release|Any CPU
		{F661FB19-53F0-4E62-024D-A89966F03201}.Release|Any CPU.Build.0 = Release|Any CPU
	EndGlobalSection
	GlobalSection(SolutionProperties) = preSolution
		HideSolutionNode = FALSE
	EndGlobalSection
	GlobalSection(ExtensibilityGlobals) = postSolution
		SolutionGuid = {893F8A84-E16B-4A49-B14A-62068BF0EA2B}
	EndGlobalSection
EndGlobal
